{
  "version": 4,
  "terraform_version": "1.8.3",
  "serial": 107,
  "lineage": "cabeae85-8383-9595-8ea1-48924fb4354e",
  "outputs": {},
  "resources": [
    {
      "mode": "managed",
      "type": "aws_vpc",
      "name": "vpc-mm",
      "provider": "provider[\"registry.terraform.io/hashicorp/aws\"]",
      "instances": [
        {
          "schema_version": 1,
          "attributes": {
            "arn": "arn:aws:ec2:us-east-1:767397723308:vpc/vpc-0e36a707639f01349",
            "assign_generated_ipv6_cidr_block": false,
            "cidr_block": "10.0.0.0/16",
            "default_network_acl_id": "acl-039b163dce36f0330",
            "default_route_table_id": "rtb-0735bfdeea2e373ab",
            "default_security_group_id": "sg-02bf517a304c6b124",
            "dhcp_options_id": "dopt-08591724f6c17669a",
            "enable_dns_hostnames": true,
            "enable_dns_support": true,
            "enable_network_address_usage_metrics": false,
            "id": "vpc-0e36a707639f01349",
            "instance_tenancy": "default",
            "ipv4_ipam_pool_id": null,
            "ipv4_netmask_length": null,
            "ipv6_association_id": "",
            "ipv6_cidr_block": "",
            "ipv6_cidr_block_network_border_group": "",
            "ipv6_ipam_pool_id": "",
            "ipv6_netmask_length": 0,
            "main_route_table_id": "rtb-0735bfdeea2e373ab",
            "owner_id": "767397723308",
            "tags": {
              "Name": "vpc-mm"
            },
            "tags_all": {
              "Name": "vpc-mm"
            }
          },
          "sensitive_attributes": [],
          "private": "eyJzY2hlbWFfdmVyc2lvbiI6IjEifQ==",
          "create_before_destroy": true
        }
      ]
    }
  ],
  "check_results": null
}
